
Microsoft Visual Studio Solution File, Format Version 12.00
# Visual Studio Version 17
VisualStudioVersion = 17.4.33103.184
MinimumVisualStudioVersion = 10.0.40219.1
Project("{FAE04EC0-301F-11D3-BF4B-00C04F79EFBC}") = "JWT", "JWT\JWT.csproj", "{31C8FF01-5D5B-415F-8BEA-1D2914E6A047}"
EndProject
Global
	GlobalSection(SolutionConfigurationPlatforms) = preSolution
		Debug|Any CPU = Debug|Any CPU
		Release|Any CPU = Release|Any CPU
	EndGlobalSection
	GlobalSection(ProjectConfigurationPlatforms) = postSolution
		{31C8FF01-5D5B-415F-8BEA-1D2914E6A047}.Debug|Any CPU.ActiveCfg = Debug|Any CPU
		{31C8FF01-5D5B-415F-8BEA-1D2914E6A047}.Debug|Any CPU.Build.0 = Debug|Any CPU
		{31C8FF01-5D5B-415F-8BEA-1D2914E6A047}.Release|Any CPU.ActiveCfg = Release|Any CPU
		{31C8FF01-5D5B-415F-8BEA-1D2914E6A047}.Release|Any CPU.Build.0 = Release|Any CPU
	EndGlobalSection
	GlobalSection(SolutionProperties) = preSolution
		HideSolutionNode = FALSE
	EndGlobalSection
	GlobalSection(ExtensibilityGlobals) = postSolution
		SolutionGuid = {55DD0FF7-0086-4002-AA38-056B6BF6E73C}
	EndGlobalSection
EndGlobal
